{
    "name": "tvt-moneyinthemist",
    "version": "0.2.2",
    "lockfileVersion": 1,
    "requires": true,
    "dependencies": {
        "@gruppe-adler/replay": {
            "version": "1.3.1",
            "resolved": "https://registry.npmjs.org/@gruppe-adler/replay/-/replay-1.3.1.tgz",
            "integrity": "sha512-g0jZCIozZiLZQbHKZ8TjyLQ7T6edhKbSnbWfQW9EH4wWVpbQIV4/4dGqzWZlEBrxaebdPes5ofDLKYBWfBlVHg=="
        },
        "grad-civs": {
            "version": "1.3.0",
            "resolved": "https://registry.npmjs.org/grad-civs/-/grad-civs-1.3.0.tgz",
            "integrity": "sha512-d6ikP7BuQOqaWmFNBmfREpBDxbsZZRmuN6WEhpPghjLBMxKCNUn0Cz0dqakDGXAxidaFIzG8jxs54eTJASVTBg=="
        },
        "grad-fortifications": {
            "version": "0.9.2",
            "resolved": "https://registry.npmjs.org/grad-fortifications/-/grad-fortifications-0.9.2.tgz",
            "integrity": "sha512-pwEkNBbVzz+6CKGsSw5OPHEjdNG1XiplMZTBvpEEdPiXoXbnK9EKKReyEx9Xj5KIcksiZTY2NEKzDvanaxek2Q=="
        },
        "grad-gpstracker": {
            "version": "0.2.0",
            "resolved": "https://registry.npmjs.org/grad-gpstracker/-/grad-gpstracker-0.2.0.tgz",
            "integrity": "sha1-CxKl2W123R1jg1GxhM4j/LneObw="
        },
        "grad-islandconfig": {
            "version": "0.2.4",
            "resolved": "https://registry.npmjs.org/grad-islandconfig/-/grad-islandconfig-0.2.4.tgz",
            "integrity": "sha512-WbCyxNI8CFG2mmoKEgSsIO+zP86/9mbQu615hTCguPhqVPseGg2lwuofAiLHFdRN7+ZH0FvPpTwVhE06WTzCdg=="
        },
        "grad-listbuymenu": {
            "version": "0.8.0",
            "resolved": "https://registry.npmjs.org/grad-listbuymenu/-/grad-listbuymenu-0.8.0.tgz",
            "integrity": "sha512-efUHB5DVhJ/1ftLXbaj8k/05GTFDcSQ9/95lUxdzc/WTovohYo+IpgDDtN8SQ3RHdEXFXH4ySGnwX3ZJ2ja23A=="
        },
        "grad-loadout": {
            "version": "4.11.2",
            "resolved": "https://registry.npmjs.org/grad-loadout/-/grad-loadout-4.11.2.tgz",
            "integrity": "sha512-J10j5VL1IzSqy/gKW1qdip1nEFJ6+DP9KEbMik10jmWTj82NvWYc+rjEJDnVVfUBuOF+DCTa+RPepWLb/30TUQ=="
        },
        "grad-scoreboard": {
            "version": "0.1.1",
            "resolved": "https://registry.npmjs.org/grad-scoreboard/-/grad-scoreboard-0.1.1.tgz",
            "integrity": "sha1-nrcbdKAJeQA00DV9bHWaAuqf0Kg="
        },
        "grad-winratetracker": {
            "version": "0.0.2",
            "resolved": "https://registry.npmjs.org/grad-winratetracker/-/grad-winratetracker-0.0.2.tgz",
            "integrity": "sha1-PnqSznWHh6Xpv44/v0bnWlYIFDE="
        }
    }
}
